hash: 25f2f5cc320ff33a4c6793846d0e2518e17fe169655ad91668882c72c5137c18
updated: 2017-02-26T21:47:44.0982299+01:00
imports:
- name: github.com/paulmach/go.geo
  version: afb0601c021c5ace3be4ada8e7746070a91b43ae
- name: github.com/paulmach/go.geojson
  version: 6228f9f0660a1820e47c84d5cab6b72c8473023c
devImports: []
